
Microsoft Visual Studio Solution File, Format Version 12.00
# Visual Studio Version 16
VisualStudioVersion = 16.0.30907.101
MinimumVisualStudioVersion = 10.0.40219.1
Project("{FAE04EC0-301F-11D3-BF4B-00C04F79EFBC}") = "TODO.API", "TODO.API\TODO.API.csproj", "{DA568F68-F521-4BE2-AC0C-FF539113FDFD}"
EndProject
Project("{FAE04EC0-301F-11D3-BF4B-00C04F79EFBC}") = "TODO.Domain", "TODO.Domain\TODO.Domain.csproj", "{D6EA02D7-156F-41EF-A9E4-9D5CAF38DCEF}"
EndProject
Project("{FAE04EC0-301F-11D3-BF4B-00C04F79EFBC}") = "TODO.Infrastructure", "TODO.Infrastructure\TODO.Infrastructure.csproj", "{B047DB52-5B7C-405F-B4FD-EFCA98D30F44}"
EndProject
Project("{FAE04EC0-301F-11D3-BF4B-00C04F79EFBC}") = "TODOLib", "TODOLib\TODOLib.csproj", "{40DFFE1B-58D6-4DA6-A33B-C61B32C750F4}"
EndProject
Global
	GlobalSection(SolutionConfigurationPlatforms) = preSolution
		Debug|Any CPU = Debug|Any CPU
		Release|Any CPU = Release|Any CPU
	EndGlobalSection
	GlobalSection(ProjectConfigurationPlatforms) = postSolution
		{DA568F68-F521-4BE2-AC0C-FF539113FDFD}.Debug|Any CPU.ActiveCfg = Debug|Any CPU
		{DA568F68-F521-4BE2-AC0C-FF539113FDFD}.Debug|Any CPU.Build.0 = Debug|Any CPU
		{DA568F68-F521-4BE2-AC0C-FF539113FDFD}.Release|Any CPU.ActiveCfg = Release|Any CPU
		{DA568F68-F521-4BE2-AC0C-FF539113FDFD}.Release|Any CPU.Build.0 = Release|Any CPU
		{D6EA02D7-156F-41EF-A9E4-9D5CAF38DCEF}.Debug|Any CPU.ActiveCfg = Debug|Any CPU
		{D6EA02D7-156F-41EF-A9E4-9D5CAF38DCEF}.Debug|Any CPU.Build.0 = Debug|Any CPU
		{D6EA02D7-156F-41EF-A9E4-9D5CAF38DCEF}.Release|Any CPU.ActiveCfg = Release|Any CPU
		{D6EA02D7-156F-41EF-A9E4-9D5CAF38DCEF}.Release|Any CPU.Build.0 = Release|Any CPU
		{B047DB52-5B7C-405F-B4FD-EFCA98D30F44}.Debug|Any CPU.ActiveCfg = Debug|Any CPU
		{B047DB52-5B7C-405F-B4FD-EFCA98D30F44}.Debug|Any CPU.Build.0 = Debug|Any CPU
		{B047DB52-5B7C-405F-B4FD-EFCA98D30F44}.Release|Any CPU.ActiveCfg = Release|Any CPU
		{B047DB52-5B7C-405F-B4FD-EFCA98D30F44}.Release|Any CPU.Build.0 = Release|Any CPU
		{40DFFE1B-58D6-4DA6-A33B-C61B32C750F4}.Debug|Any CPU.ActiveCfg = Debug|Any CPU
		{40DFFE1B-58D6-4DA6-A33B-C61B32C750F4}.Debug|Any CPU.Build.0 = Debug|Any CPU
		{40DFFE1B-58D6-4DA6-A33B-C61B32C750F4}.Release|Any CPU.ActiveCfg = Release|Any CPU
		{40DFFE1B-58D6-4DA6-A33B-C61B32C750F4}.Release|Any CPU.Build.0 = Release|Any CPU
	EndGlobalSection
	GlobalSection(SolutionProperties) = preSolution
		HideSolutionNode = FALSE
	EndGlobalSection
	GlobalSection(ExtensibilityGlobals) = postSolution
		SolutionGuid = {83453B33-3FE7-4779-8663-EDA0F2104C38}
	EndGlobalSection
EndGlobal
